
Microsoft Visual Studio Solution File, Format Version 12.00
# Visual Studio 15
VisualStudioVersion = 15.0.28307.136
MinimumVisualStudioVersion = 10.0.40219.1
Project("{FAE04EC0-301F-11D3-BF4B-00C04F79EFBC}") = "Alfa", "Alfa\Alfa.csproj", "{8216EB50-9655-4CB1-8CE0-5C8A46DC8910}"
EndProject
Project("{FAE04EC0-301F-11D3-BF4B-00C04F79EFBC}") = "Alfa.DataAccessLayer", "Alfa.DataAccessLayer\Alfa.DataAccessLayer.csproj", "{66C13D45-9F2A-444F-B5C4-D412250657F4}"
EndProject
Project("{FAE04EC0-301F-11D3-BF4B-00C04F79EFBC}") = "Alfa.BusinessLayer", "Alfa.BusinessLayer\Alfa.BusinessLayer.csproj", "{A8E60DD0-C927-4396-BA1E-4CE13645AF34}"
EndProject
Project("{FAE04EC0-301F-11D3-BF4B-00C04F79EFBC}") = "Alfa.Core", "Alfa.Core\Alfa.Core.csproj", "{1F8474AE-FD12-47D5-9D48-33C786455A5B}"
EndProject
Project("{FAE04EC0-301F-11D3-BF4B-00C04F79EFBC}") = "Alfa.Entities", "Alfa.Entities\Alfa.Entities.csproj", "{205265F7-7578-40D3-B355-452DD37B8BEF}"
EndProject
Global
	GlobalSection(SolutionConfigurationPlatforms) = preSolution
		Debug|Any CPU = Debug|Any CPU
		Release|Any CPU = Release|Any CPU
	EndGlobalSection
	GlobalSection(ProjectConfigurationPlatforms) = postSolution
		{8216EB50-9655-4CB1-8CE0-5C8A46DC8910}.Debug|Any CPU.ActiveCfg = Debug|Any CPU
		{8216EB50-9655-4CB1-8CE0-5C8A46DC8910}.Debug|Any CPU.Build.0 = Debug|Any CPU
		{8216EB50-9655-4CB1-8CE0-5C8A46DC8910}.Release|Any CPU.ActiveCfg = Release|Any CPU
		{8216EB50-9655-4CB1-8CE0-5C8A46DC8910}.Release|Any CPU.Build.0 = Release|Any CPU
		{66C13D45-9F2A-444F-B5C4-D412250657F4}.Debug|Any CPU.ActiveCfg = Debug|Any CPU
		{66C13D45-9F2A-444F-B5C4-D412250657F4}.Debug|Any CPU.Build.0 = Debug|Any CPU
		{66C13D45-9F2A-444F-B5C4-D412250657F4}.Release|Any CPU.ActiveCfg = Release|Any CPU
		{66C13D45-9F2A-444F-B5C4-D412250657F4}.Release|Any CPU.Build.0 = Release|Any CPU
		{A8E60DD0-C927-4396-BA1E-4CE13645AF34}.Debug|Any CPU.ActiveCfg = Debug|Any CPU
		{A8E60DD0-C927-4396-BA1E-4CE13645AF34}.Debug|Any CPU.Build.0 = Debug|Any CPU
		{A8E60DD0-C927-4396-BA1E-4CE13645AF34}.Release|Any CPU.ActiveCfg = Release|Any CPU
		{A8E60DD0-C927-4396-BA1E-4CE13645AF34}.Release|Any CPU.Build.0 = Release|Any CPU
		{1F8474AE-FD12-47D5-9D48-33C786455A5B}.Debug|Any CPU.ActiveCfg = Debug|Any CPU
		{1F8474AE-FD12-47D5-9D48-33C786455A5B}.Debug|Any CPU.Build.0 = Debug|Any CPU
		{1F8474AE-FD12-47D5-9D48-33C786455A5B}.Release|Any CPU.ActiveCfg = Release|Any CPU
		{1F8474AE-FD12-47D5-9D48-33C786455A5B}.Release|Any CPU.Build.0 = Release|Any CPU
		{205265F7-7578-40D3-B355-452DD37B8BEF}.Debug|Any CPU.ActiveCfg = Debug|Any CPU
		{205265F7-7578-40D3-B355-452DD37B8BEF}.Debug|Any CPU.Build.0 = Debug|Any CPU
		{205265F7-7578-40D3-B355-452DD37B8BEF}.Release|Any CPU.ActiveCfg = Release|Any CPU
		{205265F7-7578-40D3-B355-452DD37B8BEF}.Release|Any CPU.Build.0 = Release|Any CPU
	EndGlobalSection
	GlobalSection(SolutionProperties) = preSolution
		HideSolutionNode = FALSE
	EndGlobalSection
	GlobalSection(ExtensibilityGlobals) = postSolution
		SolutionGuid = {F0173813-E17C-4E22-9A72-2CADD9DDFF47}
	EndGlobalSection
EndGlobal
